
Microsoft Visual Studio Solution File, Format Version 12.00
# Visual Studio Version 17
VisualStudioVersion = 17.5.33627.172
MinimumVisualStudioVersion = 10.0.40219.1
Project("{2150E333-8FDC-42A3-9474-1A3956D46DE8}") = "Chapter01", "Chapter01", "{3E4CD1FC-052A-48EA-9F47-5BDB5A1B66B2}"
EndProject
Project("{9A19103F-16F7-4668-BE54-9A1E7A4F7556}") = "CodeAnalyzing", "Chapter01\CodeAnalyzing\CodeAnalyzing.csproj", "{5BFD2467-39DD-49DC-96C9-2D9B70F2F718}"
EndProject
Project("{2150E333-8FDC-42A3-9474-1A3956D46DE8}") = "Chapter02", "Chapter02", "{C2BBB2D2-761A-442D-A8FC-5D464457A976}"
EndProject
Project("{FAE04EC0-301F-11D3-BF4B-00C04F79EFBC}") = "Northwind.Console.SqlClient", "Chapter02\Northwind.Console.SqlClient\Northwind.Console.SqlClient\Northwind.Console.SqlClient.csproj", "{3DE011C7-1B2C-42E3-B1BA-E90347C0C561}"
EndProject
Project("{2150E333-8FDC-42A3-9474-1A3956D46DE8}") = "Common", "Common", "{756626C1-2B80-42A5-AE7D-2E734EEE82AC}"
	ProjectSection(SolutionItems) = preProject
		Common\Stylecop.json = Common\Stylecop.json
	EndProjectSection
EndProject
Project("{FAE04EC0-301F-11D3-BF4B-00C04F79EFBC}") = "Northwind.Console.EFCore", "Chapter02\Northwind.Console.EFCore\Northwind.Console.EFCore.csproj", "{C1769A1D-6754-4EFB-9C4A-75CF5A27670A}"
EndProject
Global
	GlobalSection(SolutionConfigurationPlatforms) = preSolution
		Debug|Any CPU = Debug|Any CPU
		Release|Any CPU = Release|Any CPU
	EndGlobalSection
	GlobalSection(ProjectConfigurationPlatforms) = postSolution
		{5BFD2467-39DD-49DC-96C9-2D9B70F2F718}.Debug|Any CPU.ActiveCfg = Debug|Any CPU
		{5BFD2467-39DD-49DC-96C9-2D9B70F2F718}.Debug|Any CPU.Build.0 = Debug|Any CPU
		{5BFD2467-39DD-49DC-96C9-2D9B70F2F718}.Release|Any CPU.ActiveCfg = Release|Any CPU
		{5BFD2467-39DD-49DC-96C9-2D9B70F2F718}.Release|Any CPU.Build.0 = Release|Any CPU
		{3DE011C7-1B2C-42E3-B1BA-E90347C0C561}.Debug|Any CPU.ActiveCfg = Debug|Any CPU
		{3DE011C7-1B2C-42E3-B1BA-E90347C0C561}.Debug|Any CPU.Build.0 = Debug|Any CPU
		{3DE011C7-1B2C-42E3-B1BA-E90347C0C561}.Release|Any CPU.ActiveCfg = Release|Any CPU
		{3DE011C7-1B2C-42E3-B1BA-E90347C0C561}.Release|Any CPU.Build.0 = Release|Any CPU
		{C1769A1D-6754-4EFB-9C4A-75CF5A27670A}.Debug|Any CPU.ActiveCfg = Debug|Any CPU
		{C1769A1D-6754-4EFB-9C4A-75CF5A27670A}.Debug|Any CPU.Build.0 = Debug|Any CPU
		{C1769A1D-6754-4EFB-9C4A-75CF5A27670A}.Release|Any CPU.ActiveCfg = Release|Any CPU
		{C1769A1D-6754-4EFB-9C4A-75CF5A27670A}.Release|Any CPU.Build.0 = Release|Any CPU
	EndGlobalSection
	GlobalSection(SolutionProperties) = preSolution
		HideSolutionNode = FALSE
	EndGlobalSection
	GlobalSection(NestedProjects) = preSolution
		{5BFD2467-39DD-49DC-96C9-2D9B70F2F718} = {3E4CD1FC-052A-48EA-9F47-5BDB5A1B66B2}
		{3DE011C7-1B2C-42E3-B1BA-E90347C0C561} = {C2BBB2D2-761A-442D-A8FC-5D464457A976}
		{C1769A1D-6754-4EFB-9C4A-75CF5A27670A} = {C2BBB2D2-761A-442D-A8FC-5D464457A976}
	EndGlobalSection
	GlobalSection(ExtensibilityGlobals) = postSolution
		SolutionGuid = {3F24EFEE-BB03-4E3E-8EF0-3C2B104B55B5}
	EndGlobalSection
EndGlobal
